PODS:
  - LSMiddleWare (0.0.2)

DEPENDENCIES:
  - LSMiddleWare (~> 0.0.2)

SPEC REPOS:
  https://github.com/cocoapods/specs.git:
    - LSMiddleWare

SPEC CHECKSUMS:
  LSMiddleWare: aab6e635d709c611b8e4eb90c202abd5226ec4d4

PODFILE CHECKSUM: 3d84d7cc2bb58c44281806bcd263b16f2112ec20

COCOAPODS: 1.5.3
